{
    "_readme": [
        "This file locks the dependencies of your project to a known state",
        "Read more about it at https://getcomposer.org/doc/01-basic-usage.md#composer-lock-the-lock-file",
        "This file is @generated automatically"
    ],
    "hash": "4e8d318f55c056e8e5b30590d32da089",
    "content-hash": "1f3c7c28fd4e15b1f36a080b28013d74",
    "packages": [
        {
            "name": "payrexx/payrexx",
            "version": "dev-master",
            "source": {
                "type": "git",
                "url": "https://github.com/payrexx/payrexx-php.git",
                "reference": "9817c03f625a103414a09281e964f94ed71b7a5c"
            },
            "dist": {
                "type": "zip",
                "url": "https://api.github.com/repos/payrexx/payrexx-php/zipball/9817c03f625a103414a09281e964f94ed71b7a5c",
                "reference": "9817c03f625a103414a09281e964f94ed71b7a5c",
                "shasum": ""
            },
            "require": {
                "php": ">=5.4"
            },
            "type": "library",
            "autoload": {
                "psr-0": {
                    "Payrexx": "lib/"
                }
            },
            "notification-url": "https://packagist.org/downloads/",
            "license": [
                "MIT"
            ],
            "authors": [
                {
                    "name": "Payrexx AG",
                    "homepage": "https://www.payrexx.com"
                }
            ],
            "description": "Payrexx PHPLib",
            "homepage": "https://www.payrexx.com",
            "keywords": [
                "gateway",
                "payment"
            ],
            "time": "2017-12-14 10:08:29"
        }
    ],
    "packages-dev": [],
    "aliases": [],
    "minimum-stability": "stable",
    "stability-flags": {
        "payrexx/payrexx": 20
    },
    "prefer-stable": false,
    "prefer-lowest": false,
    "platform": {
        "php": "7.0.2|7.0.4|~7.0.6|~7.1.0"
    },
    "platform-dev": []
}
